<Project xmlns="http://schemas.microsoft.com/developer/msbuild/2003">
    <PropertyGroup>
        <ProjectGuid>{ac16469c-4d95-4318-b6b6-480d8eeffaa8}</ProjectGuid>
        <MainSource>M2Server.dpr</MainSource>
        <Configuration Condition=" '$(Configuration)' == '' ">Debug</Configuration>
        <DCC_DCCCompiler>DCC32</DCC_DCCCompiler>
        <DCC_DependencyCheckOutputName>E:\Mud2\Mir200\M2Server.exe</DCC_DependencyCheckOutputName>
        <ProjectVersion>19.2</ProjectVersion>
        <Base>True</Base>
        <Config Condition="'$(Config)'==''">Release</Config>
        <AppType>Application</AppType>
        <FrameworkType>VCL</FrameworkType>
        <Platform Condition="'$(Platform)'==''">Win32</Platform>
        <TargetedPlatforms>1</TargetedPlatforms>
    </PropertyGroup>
    <PropertyGroup Condition="'$(Config)'=='Base' or '$(Base)'!=''">
        <Base>true</Base>
    </PropertyGroup>
    <PropertyGroup Condition="('$(Platform)'=='Win32' and '$(Base)'=='true') or '$(Base_Win32)'!=''">
        <Base_Win32>true</Base_Win32>
        <CfgParent>Base</CfgParent>
        <Base>true</Base>
    </PropertyGroup>
    <PropertyGroup Condition="('$(Platform)'=='Win64' and '$(Base)'=='true') or '$(Base_Win64)'!=''">
        <Base_Win64>true</Base_Win64>
        <CfgParent>Base</CfgParent>
        <Base>true</Base>
    </PropertyGroup>
    <PropertyGroup Condition="'$(Config)'=='Release' or '$(Cfg_1)'!=''">
        <Cfg_1>true</Cfg_1>
        <CfgParent>Base</CfgParent>
        <Base>true</Base>
    </PropertyGroup>
    <PropertyGroup Condition="('$(Platform)'=='Win32' and '$(Cfg_1)'=='true') or '$(Cfg_1_Win32)'!=''">
        <Cfg_1_Win32>true</Cfg_1_Win32>
        <CfgParent>Cfg_1</CfgParent>
        <Cfg_1>true</Cfg_1>
        <Base>true</Base>
    </PropertyGroup>
    <PropertyGroup Condition="'$(Config)'=='Debug' or '$(Cfg_2)'!=''">
        <Cfg_2>true</Cfg_2>
        <CfgParent>Base</CfgParent>
        <Base>true</Base>
    </PropertyGroup>
    <PropertyGroup Condition="('$(Platform)'=='Win32' and '$(Cfg_2)'=='true') or '$(Cfg_2_Win32)'!=''">
        <Cfg_2_Win32>true</Cfg_2_Win32>
        <CfgParent>Cfg_2</CfgParent>
        <Cfg_2>true</Cfg_2>
        <Base>true</Base>
    </PropertyGroup>
    <PropertyGroup Condition="'$(Base)'!=''">
        <SanitizedProjectName>M2Server</SanitizedProjectName>
        <DCC_Namespace>Vcl;Vcl.Imaging;Vcl.Touch;Vcl.Samples;Vcl.Shell;System;Xml;Data;Datasnap;Web;Soap;Winapi;System.Win;Bde;Data.Win;$(DCC_Namespace)</DCC_Namespace>
        <VerInfo_Locale>2052</VerInfo_Locale>
        <DCC_DcuOutput>..\..\Build\M2Server\</DCC_DcuOutput>
        <VerInfo_Keys>CompanyName=;FileDescription=;FileVersion=1.0.0.0;InternalName=;LegalCopyright=;LegalTrademarks=;OriginalFilename=;ProductName=;ProductVersion=1.0.0.0;Comments=</VerInfo_Keys>
        <DCC_ExeOutput>..\..\Release\M2Server\</DCC_ExeOutput>
        <DCC_UnitSearchPath>..\Common\;..\..\Components\Raize\Source;$(DCC_UnitSearchPath)</DCC_UnitSearchPath>
        <DCC_Define>LOADSQL;KOREA;$(DCC_Define)</DCC_Define>
    </PropertyGroup>
    <PropertyGroup Condition="'$(Base_Win32)'!=''">
        <DCC_Namespace>Datasnap.Win;Web.Win;Soap.Win;Xml.Win;$(DCC_Namespace)</DCC_Namespace>
        <BT_BuildType>Debug</BT_BuildType>
        <VerInfo_IncludeVerInfo>true</VerInfo_IncludeVerInfo>
        <VerInfo_Keys>CompanyName=;FileDescription=$(MSBuildProjectName);FileVersion=1.0.0.0;InternalName=;LegalCopyright=;LegalTrademarks=;OriginalFilename=;ProductName=$(MSBuildProjectName);ProductVersion=1.0.0.0;Comments=;ProgramID=com.embarcadero.$(MSBuildProjectName)</VerInfo_Keys>
        <VerInfo_Locale>1033</VerInfo_Locale>
        <Manifest_File>$(BDS)\bin\default_app.manifest</Manifest_File>
        <Icon_MainIcon>M2Server_Icon1.ico</Icon_MainIcon>
        <AppEnableRuntimeThemes>true</AppEnableRuntimeThemes>
        <UWP_DelphiLogo44>$(BDS)\bin\Artwork\Windows\UWP\delphi_UwpDefault_44.png</UWP_DelphiLogo44>
        <UWP_DelphiLogo150>$(BDS)\bin\Artwork\Windows\UWP\delphi_UwpDefault_150.png</UWP_DelphiLogo150>
    </PropertyGroup>
    <PropertyGroup Condition="'$(Base_Win64)'!=''">
        <Icon_MainIcon>M2Server_Icon1.ico</Icon_MainIcon>
        <UWP_DelphiLogo44>$(BDS)\bin\Artwork\Windows\UWP\delphi_UwpDefault_44.png</UWP_DelphiLogo44>
        <UWP_DelphiLogo150>$(BDS)\bin\Artwork\Windows\UWP\delphi_UwpDefault_150.png</UWP_DelphiLogo150>
    </PropertyGroup>
    <PropertyGroup Condition="'$(Cfg_1)'!=''">
        <Version>7.0</Version>
        <DCC_DebugInformation>0</DCC_DebugInformation>
        <DCC_WriteableConstants>True</DCC_WriteableConstants>
        <DCC_LocalDebugSymbols>False</DCC_LocalDebugSymbols>
        <DCC_SymbolReferenceInfo>0</DCC_SymbolReferenceInfo>
        <DCC_Hints>False</DCC_Hints>
        <DCC_DcuOutput>..\..\Build\M2Server\</DCC_DcuOutput>
        <DCC_ObjOutput>..\..\Build\M2Server\</DCC_ObjOutput>
        <DCC_HppOutput>..\..\Build\M2Server\</DCC_HppOutput>
        <DCC_ResourcePath>..\Common\;$(DCC_ResourcePath)</DCC_ResourcePath>
        <DCC_ObjPath>..\Common\;$(DCC_ObjPath)</DCC_ObjPath>
        <DCC_IncludePath>..\Common\;$(DCC_IncludePath)</DCC_IncludePath>
        <DCC_Define>RELEASE;$(DCC_Define)</DCC_Define>
    </PropertyGroup>
    <PropertyGroup Condition="'$(Cfg_1_Win32)'!=''">
        <AppEnableRuntimeThemes>true</AppEnableRuntimeThemes>
        <AppDPIAwarenessMode>PerMonitorV2</AppDPIAwarenessMode>
        <VerInfo_Keys>CompanyName=;FileDescription=$(MSBuildProjectName);FileVersion=1.0.0.0;InternalName=;LegalCopyright=;LegalTrademarks=;OriginalFilename=;ProductName=$(MSBuildProjectName);ProductVersion=1.0.0.0;Comments=;ProgramID=com.embarcadero.$(MSBuildProjectName)</VerInfo_Keys>
        <VerInfo_IncludeVerInfo>true</VerInfo_IncludeVerInfo>
        <VerInfo_Locale>1033</VerInfo_Locale>
    </PropertyGroup>
    <PropertyGroup Condition="'$(Cfg_2)'!=''">
        <DCC_GenerateStackFrames>true</DCC_GenerateStackFrames>
        <Version>7.0</Version>
        <DCC_WriteableConstants>True</DCC_WriteableConstants>
        <DCC_Hints>False</DCC_Hints>
        <DCC_ExeOutput>D:\Mud2\Mir200\</DCC_ExeOutput>
        <DCC_DcuOutput>..\..\Build\M2Server\</DCC_DcuOutput>
        <DCC_ObjOutput>..\..\Build\M2Server\</DCC_ObjOutput>
        <DCC_HppOutput>..\..\Build\M2Server\</DCC_HppOutput>
        <DCC_ResourcePath>..\Common\;$(DCC_ResourcePath)</DCC_ResourcePath>
        <DCC_ObjPath>..\Common\;$(DCC_ObjPath)</DCC_ObjPath>
        <DCC_IncludePath>..\Common\;$(DCC_IncludePath)</DCC_IncludePath>
        <DCC_Define>DEBUG;FullDebugMode;LogMemoryLeakDetailToFile;ClearLogFileOnStartup;$(DCC_Define)</DCC_Define>
        <DCC_Optimize>False</DCC_Optimize>
        <DCC_UnitSearchPath>..\..\Components\FastMM;$(DCC_UnitSearchPath)</DCC_UnitSearchPath>
        <DCC_MapFile>1</DCC_MapFile>
    </PropertyGroup>
    <PropertyGroup Condition="'$(Cfg_2_Win32)'!=''">
        <AppEnableRuntimeThemes>true</AppEnableRuntimeThemes>
        <AppDPIAwarenessMode>PerMonitorV2</AppDPIAwarenessMode>
        <VerInfo_IncludeVerInfo>true</VerInfo_IncludeVerInfo>
        <VerInfo_Locale>1033</VerInfo_Locale>
        <VerInfo_Keys>CompanyName=;FileDescription=$(MSBuildProjectName);FileVersion=1.0.0.0;InternalName=;LegalCopyright=;LegalTrademarks=;OriginalFilename=;ProductName=$(MSBuildProjectName);ProductVersion=1.0.0.0;Comments=;ProgramID=com.embarcadero.$(MSBuildProjectName)</VerInfo_Keys>
        <DCC_MapFile>3</DCC_MapFile>
    </PropertyGroup>
    <ProjectExtensions>
        <Borland.Personality>Delphi.Personality.12</Borland.Personality>
        <Borland.ProjectType>VCLApplication</Borland.ProjectType>
        <BorlandProject>
            <Delphi.Personality>
                <Parameters/>
                <Language>
                    <Language Name="ProjectLang">$00000412</Language>
                </Language>
                <VersionInfo>
                    <VersionInfo Name="IncludeVerInfo">False</VersionInfo>
                    <VersionInfo Name="AutoIncBuild">False</VersionInfo>
                    <VersionInfo Name="MajorVer">1</VersionInfo>
                    <VersionInfo Name="MinorVer">0</VersionInfo>
                    <VersionInfo Name="Release">0</VersionInfo>
                    <VersionInfo Name="Build">0</VersionInfo>
                    <VersionInfo Name="Debug">False</VersionInfo>
                    <VersionInfo Name="PreRelease">False</VersionInfo>
                    <VersionInfo Name="Special">False</VersionInfo>
                    <VersionInfo Name="Private">False</VersionInfo>
                    <VersionInfo Name="DLL">False</VersionInfo>
                    <VersionInfo Name="Locale">2052</VersionInfo>
                    <VersionInfo Name="CodePage">936</VersionInfo>
                </VersionInfo>
                <VersionInfoKeys>
                    <VersionInfoKeys Name="CompanyName"/>
                    <VersionInfoKeys Name="FileDescription"/>
                    <VersionInfoKeys Name="FileVersion">1.0.0.0</VersionInfoKeys>
                    <VersionInfoKeys Name="InternalName"/>
                    <VersionInfoKeys Name="LegalCopyright"/>
                    <VersionInfoKeys Name="LegalTrademarks"/>
                    <VersionInfoKeys Name="OriginalFilename"/>
                    <VersionInfoKeys Name="ProductName"/>
                    <VersionInfoKeys Name="ProductVersion">1.0.0.0</VersionInfoKeys>
                    <VersionInfoKeys Name="Comments"/>
                </VersionInfoKeys>
                <Source>
                    <Source Name="MainSource">M2Server.dpr</Source>
                </Source>
                <Excluded_Packages>
                    <Excluded_Packages Name="$(BDSBIN)\dcloffice2k270.bpl">Microsoft Office 2000 Sample Automation Server Wrapper Components</Excluded_Packages>
                    <Excluded_Packages Name="$(BDSBIN)\dclofficexp270.bpl">Microsoft Office XP Sample Automation Server Wrapper Components</Excluded_Packages>
                </Excluded_Packages>
            </Delphi.Personality>
            <Platforms>
                <Platform value="Win32">True</Platform>
                <Platform value="Win64">False</Platform>
            </Platforms>
        </BorlandProject>
        <ProjectFileVersion>12</ProjectFileVersion>
    </ProjectExtensions>
    <ItemGroup>
        <DelphiCompile Include="$(MainSource)">
            <MainSource>MainSource</MainSource>
        </DelphiCompile>
        <DCCReference Include="svMain.pas">
            <Form>FrmMain</Form>
        </DCCReference>
        <DCCReference Include="RunSock.pas"/>
        <DCCReference Include="FrnEngn.pas"/>
        <DCCReference Include="UsrEngn.pas"/>
        <DCCReference Include="ObjBase.pas"/>
        <DCCReference Include="Envir.pas"/>
        <DCCReference Include="M2Share.pas"/>
        <DCCReference Include="ObjMon.pas"/>
        <DCCReference Include="RunDB.pas"/>
        <DCCReference Include="LocalDB.pas">
            <Form>FrmDB</Form>
        </DCCReference>
        <DCCReference Include="IdSrvClient.pas">
            <Form>FrmIDSoc</Form>
        </DCCReference>
        <DCCReference Include="ObjNpc.pas"/>
        <DCCReference Include="itmunit.pas"/>
        <DCCReference Include="Magic.pas"/>
        <DCCReference Include="NoticeM.pas"/>
        <DCCReference Include="ObjGuard.pas"/>
        <DCCReference Include="ObjMon2.pas"/>
        <DCCReference Include="ObjAxeMon.pas"/>
        <DCCReference Include="Guild.pas"/>
        <DCCReference Include="Mission.pas"/>
        <DCCReference Include="Event.pas"/>
        <DCCReference Include="FSrvValue.pas">
            <Form>FrmServerValue</Form>
        </DCCReference>
        <DCCReference Include="InterServerMsg.pas">
            <Form>FrmSrvMsg</Form>
        </DCCReference>
        <DCCReference Include="InterMsgClient.pas">
            <Form>FrmMsgClient</Form>
        </DCCReference>
        <DCCReference Include="Castle.pas"/>
        <DCCReference Include="..\Common\MfdbDef.pas"/>
        <DCCReference Include="..\Common\mudutil.pas"/>
        <DCCReference Include="..\Common\Grobal2.pas"/>
        <DCCReference Include="FriendSystem.pas"/>
        <DCCReference Include="TagSystem.pas"/>
        <DCCReference Include="UserSystem.pas"/>
        <DCCReference Include="CmdMgr.pas"/>
        <DCCReference Include="UserMgr.pas"/>
        <DCCReference Include="UserMgrEngn.pas"/>
        <DCCReference Include="Relationship.pas"/>
        <DCCReference Include="DragonSystem.pas"/>
        <DCCReference Include="SQLLocalDB.pas"/>
        <DCCReference Include="ObjMon3.pas"/>
        <DCCReference Include="MaketSystem.pas"/>
        <DCCReference Include="DBSQL.pas"/>
        <DCCReference Include="SqlEngn.pas"/>
        <DCCReference Include="..\Common\StallSystem.pas"/>
        <DCCReference Include="ObjRobot.pas"/>
        <DCCReference Include="MasterSystem.pas"/>
        <DCCReference Include="..\Common\EDCode.pas"/>
        <DCCReference Include="LogManage.pas">
            <Form>FrmLogManage</Form>
        </DCCReference>
        <BuildConfiguration Include="Debug">
            <Key>Cfg_2</Key>
            <CfgParent>Base</CfgParent>
        </BuildConfiguration>
        <BuildConfiguration Include="Base">
            <Key>Base</Key>
        </BuildConfiguration>
        <BuildConfiguration Include="Release">
            <Key>Cfg_1</Key>
            <CfgParent>Base</CfgParent>
        </BuildConfiguration>
    </ItemGroup>
    <Import Condition="Exists('$(BDS)\Bin\CodeGear.Delphi.Targets')" Project="$(BDS)\Bin\CodeGear.Delphi.Targets"/>
    <Import Condition="Exists('$(APPDATA)\Embarcadero\$(BDSAPPDATABASEDIR)\$(PRODUCTVERSION)\UserTools.proj')" Project="$(APPDATA)\Embarcadero\$(BDSAPPDATABASEDIR)\$(PRODUCTVERSION)\UserTools.proj"/>
</Project>
