<Project xmlns="http://schemas.microsoft.com/developer/msbuild/2003">
    <PropertyGroup>
        <ProjectGuid>{F5B0CA37-BFAD-4BA9-8DD4-1B3BDB948349}</ProjectGuid>
        <ProjectVersion>19.2</ProjectVersion>
        <MainSource>MiniResSrv.dpr</MainSource>
        <Config Condition="'$(Config)'==''">Release</Config>
        <DCC_DCCCompiler>DCC32</DCC_DCCCompiler>
        <Base>True</Base>
        <AppType>Application</AppType>
        <FrameworkType>VCL</FrameworkType>
        <Platform Condition="'$(Platform)'==''">Win32</Platform>
        <TargetedPlatforms>1</TargetedPlatforms>
    </PropertyGroup>
    <PropertyGroup Condition="'$(Config)'=='Base' or '$(Base)'!=''">
        <Base>true</Base>
    </PropertyGroup>
    <PropertyGroup Condition="('$(Platform)'=='Win32' and '$(Base)'=='true') or '$(Base_Win32)'!=''">
        <Base_Win32>true</Base_Win32>
        <CfgParent>Base</CfgParent>
        <Base>true</Base>
    </PropertyGroup>
    <PropertyGroup Condition="('$(Platform)'=='Win64' and '$(Base)'=='true') or '$(Base_Win64)'!=''">
        <Base_Win64>true</Base_Win64>
        <CfgParent>Base</CfgParent>
        <Base>true</Base>
    </PropertyGroup>
    <PropertyGroup Condition="'$(Config)'=='Release' or '$(Cfg_1)'!=''">
        <Cfg_1>true</Cfg_1>
        <CfgParent>Base</CfgParent>
        <Base>true</Base>
    </PropertyGroup>
    <PropertyGroup Condition="('$(Platform)'=='Win32' and '$(Cfg_1)'=='true') or '$(Cfg_1_Win32)'!=''">
        <Cfg_1_Win32>true</Cfg_1_Win32>
        <CfgParent>Cfg_1</CfgParent>
        <Cfg_1>true</Cfg_1>
        <Base>true</Base>
    </PropertyGroup>
    <PropertyGroup Condition="'$(Config)'=='Debug' or '$(Cfg_2)'!=''">
        <Cfg_2>true</Cfg_2>
        <CfgParent>Base</CfgParent>
        <Base>true</Base>
    </PropertyGroup>
    <PropertyGroup Condition="('$(Platform)'=='Win32' and '$(Cfg_2)'=='true') or '$(Cfg_2_Win32)'!=''">
        <Cfg_2_Win32>true</Cfg_2_Win32>
        <CfgParent>Cfg_2</CfgParent>
        <Cfg_2>true</Cfg_2>
        <Base>true</Base>
    </PropertyGroup>
    <PropertyGroup Condition="'$(Base)'!=''">
        <DCC_UsePackage>vclimg;vcl;vclx;dbrtl;Rave90VCL;bdertl;rtl;xmlrtl;vclactnband;VclSmp;svnui;svn;TeeUI;TeeDB;Tee;vcldb;vcldbx;vcltouch;dsnap;dsnapcon;vclib;ibxpress;adortl;IndyCore;IndySystem;IndyProtocols;inet;intrawebdb_110_150;Intraweb_110_150;vclie;websnap;webdsnap;inetdb;inetdbbde;inetdbxpress;soaprtl;vclribbon;dbexpress;DbxCommonDriver;DataSnapIndy10ServerTransport;DataSnapProviderClient;DbxClientDriver;DataSnapClient;dbxcds;DataSnapServer;AzureCloud;DBXInterBaseDriver;DBXMySQLDriver;DBXFirebirdDriver;DBXSybaseASEDriver;DBXSybaseASADriver;DBXOracleDriver;DBXMSSQLDriver;DBXInformixDriver;DBXDb2Driver;CodeSiteExpressVcl;dxCoreRS15;cxLibraryRS15;dxGDIPlusRS15;dxThemeRS15;dxHttpIndyRequestRS15;cxEditorsRS15;cxDataRS15;cxPageControlRS15;dxServerModeRS15;dxBarRS15;dxComnRS15;cxPivotGridRS15;cxExportRS15;dxmdsRS15;cxPivotGridChartRS15;cxGridRS15;cxPivotGridOLAPRS15;cxSchedulerGridRS15;cxSchedulerRS15;cxSchedulerTreeBrowserRS15;cxTreeListRS15;cxTreeListdxBarPopupMenuRS15;cxVerticalGridRS15;dxADOServerModeRS15;dxBarDBNavRS15;dxBarExtDBItemsRS15;dxBarExtItemsRS15;dxorgcRS15;dxdborRS15;dxdbtrRS15;dxDBXServerModeRS15;dxPSCoreRS15;dxPSTeeChartRS15;dxPSDBTeeChartRS15;dxDockingRS15;dxFlowChartRS15;dxLayoutControlRS15;dxNavBarRS15;dxPScxCommonRS15;dxPSLnksRS15;dxPScxExtCommonRS15;dxPScxGridLnkRS15;dxPSdxLCLnkRS15;dxPScxPivotGridLnkRS15;dxPScxSchedulerLnkRS15;dxPScxTLLnkRS15;dxPScxVGridLnkRS15;dxPSdxDBOCLnkRS15;dxPSdxOCLnkRS15;dxPSdxDBTVLnkRS15;dxPSdxFCLnkRS15;dxPSRichEditControlLnkRS15;dxRichEditControlRS15;dxPsPrVwAdvRS15;dxPSPrVwRibbonRS15;dxRibbonRS15;dxSkinsCoreRS15;dxSkinscxPCPainterRS15;dxSkinscxSchedulerPainterRS15;dxSkinsdxDLPainterRS15;dxSkinsdxBarPainterRS15;dxSkinsdxNavBarPainterRS15;dxSkinsdxRibbonPainterRS15;dxSpellCheckerRS15;dxTabbedMDIRS15;dxtrmdRS15;dxPScxPCProdRS15;dxSkinBlackRS15;dxSkinBlueprintRS15;dxSkinBlueRS15;dxSkinCaramelRS15;dxSkinCoffeeRS15;dxSkinDarkRoomRS15;dxSkinDarkSideRS15;dxSkinDevExpressDarkStyleRS15;dxSkinDevExpressStyleRS15;dxSkinFoggyRS15;dxSkinGlassOceansRS15;dxSkinHighContrastRS15;dxSkiniMaginaryRS15;dxSkinLilianRS15;dxSkinLiquidSkyRS15;dxSkinLondonLiquidSkyRS15;dxSkinMcSkinRS15;dxSkinMoneyTwinsRS15;dxSkinOffice2007BlackRS15;dxSkinOffice2007BlueRS15;dxSkinOffice2007GreenRS15;dxSkinOffice2007PinkRS15;dxSkinOffice2007SilverRS15;dxSkinOffice2010BlackRS15;dxSkinOffice2010BlueRS15;dxSkinOffice2010SilverRS15;dxSkinOffice2013WhiteRS15;dxSkinPumpkinRS15;dxSkinSevenClassicRS15;dxSkinSevenRS15;dxSkinSharpPlusRS15;dxSkinSharpRS15;dxSkinSilverRS15;dxSkinSpringTimeRS15;dxSkinStardustRS15;dxSkinSummer2008RS15;dxSkinTheAsphaltWorldRS15;dxSkinValentineRS15;dxSkinVS2010RS15;dxSkinWhiteprintRS15;dxSkinXmas2008BlueRS15;dxSkinMetropolisRS15;dxSkinMetropolisDarkRS15;dxSkinOffice2013DarkGrayRS15;dxSkinOffice2013LightGrayRS15;dxSkinVisualStudio2013BlueRS15;dxSkinVisualStudio2013DarkRS15;dxSkinVisualStudio2013LightRS15;dxSkinOffice2016ColorfulRS15;dxSkinOffice2016DarkRS15;dxWizardControlRS15;cxSchedulerRibbonStyleEventEditorRS15;dxTileControlRS15;dxMapControlRS15;dxGaugeControlRS15;dxSpreadSheetRS15;dxPSdxSpreadSheetLnkRS15;dxRibbonCustomizationFormRS15;dxPSdxGaugeControlLnkRS15;EmbeddedWebBrowser_XE;tmsd2011;tmsexd2011;DXSceneUIComponents;kbmMemRunDXEPro;ecComnDXE;EurekaLogCore;JclDeveloperTools;Jcl;JclVcl;JclContainers;$(DCC_UsePackage)</DCC_UsePackage>
        <DCC_UnitSearchPath>..\Common;..\..\Components\DevExpressVCL\Library\Sources;..\..\Components\RealThinClientSDK\Lib;..\..\Components\NativeXml\general;..\..\Components\NativeXml\NativeXml;..\..\Components\TurboPower LockBox 3;$(DCC_UnitSearchPath)</DCC_UnitSearchPath>
        <DCC_MapFile>3</DCC_MapFile>
        <DCC_ExeOutput>..\..\Release\MiniResSrv\</DCC_ExeOutput>
        <DCC_DependencyCheckOutputName>MiniResSrv.exe</DCC_DependencyCheckOutputName>
        <DCC_ImageBase>00400000</DCC_ImageBase>
        <DCC_Platform>x86</DCC_Platform>
        <SanitizedProjectName>MiniResSrv</SanitizedProjectName>
        <DCC_Namespace>Vcl;Vcl.Imaging;Vcl.Touch;Vcl.Samples;Vcl.Shell;System;Xml;Data;Datasnap;Web;Soap;Winapi;System.Win;$(DCC_Namespace)</DCC_Namespace>
        <VerInfo_IncludeVerInfo>true</VerInfo_IncludeVerInfo>
        <VerInfo_Locale>2052</VerInfo_Locale>
        <DCC_DcuOutput>..\..\Build\MiniResSrv</DCC_DcuOutput>
        <VerInfo_Keys>CompanyName=91网络;FileDescription=微端&amp;MniHttp服务;FileVersion=1.0.0.0;InternalName=;LegalCopyright=版权所有(C) 91网络.  2010-2020;LegalTrademarks=;OriginalFilename=;ProductName=;ProductVersion=1.0.0.0;Comments=</VerInfo_Keys>
    </PropertyGroup>
    <PropertyGroup Condition="'$(Base_Win32)'!=''">
        <DCC_Namespace>Data.Win;Datasnap.Win;Web.Win;Soap.Win;Xml.Win;Bde;$(DCC_Namespace)</DCC_Namespace>
        <BT_BuildType>Debug</BT_BuildType>
        <VerInfo_Keys>CompanyName=;FileDescription=$(MSBuildProjectName);FileVersion=1.0.0.0;InternalName=;LegalCopyright=;LegalTrademarks=;OriginalFilename=;ProductName=$(MSBuildProjectName);ProductVersion=1.0.0.0;Comments=;ProgramID=com.embarcadero.$(MSBuildProjectName)</VerInfo_Keys>
        <VerInfo_Locale>1033</VerInfo_Locale>
        <Manifest_File>$(BDS)\bin\default_app.manifest</Manifest_File>
        <Icon_MainIcon>MiniResSrv_Icon.ico</Icon_MainIcon>
        <AppEnableRuntimeThemes>true</AppEnableRuntimeThemes>
        <UWP_DelphiLogo44>$(BDS)\bin\Artwork\Windows\UWP\delphi_UwpDefault_44.png</UWP_DelphiLogo44>
        <UWP_DelphiLogo150>$(BDS)\bin\Artwork\Windows\UWP\delphi_UwpDefault_150.png</UWP_DelphiLogo150>
    </PropertyGroup>
    <PropertyGroup Condition="'$(Base_Win64)'!=''">
        <Manifest_File>$(BDS)\bin\default_app.manifest</Manifest_File>
        <Icon_MainIcon>MiniResSrv_Icon.ico</Icon_MainIcon>
        <AppEnableRuntimeThemes>true</AppEnableRuntimeThemes>
        <UWP_DelphiLogo44>$(BDS)\bin\Artwork\Windows\UWP\delphi_UwpDefault_44.png</UWP_DelphiLogo44>
        <UWP_DelphiLogo150>$(BDS)\bin\Artwork\Windows\UWP\delphi_UwpDefault_150.png</UWP_DelphiLogo150>
    </PropertyGroup>
    <PropertyGroup Condition="'$(Cfg_1)'!=''">
        <DCC_SymbolReferenceInfo>0</DCC_SymbolReferenceInfo>
        <DCC_AssertionsAtRuntime>false</DCC_AssertionsAtRuntime>
        <DCC_LocalDebugSymbols>false</DCC_LocalDebugSymbols>
        <DCC_DebugInformation>0</DCC_DebugInformation>
        <DCC_MapFile>3</DCC_MapFile>
        <DCC_Define>RELEASE;$(DCC_Define)</DCC_Define>
    </PropertyGroup>
    <PropertyGroup Condition="'$(Cfg_1_Win32)'!=''">
        <AppEnableRuntimeThemes>true</AppEnableRuntimeThemes>
        <AppDPIAwarenessMode>PerMonitorV2</AppDPIAwarenessMode>
        <VerInfo_Keys>CompanyName=;FileDescription=$(MSBuildProjectName);FileVersion=1.0.0.0;InternalName=;LegalCopyright=;LegalTrademarks=;OriginalFilename=;ProductName=$(MSBuildProjectName);ProductVersion=1.0.0.0;Comments=;ProgramID=com.embarcadero.$(MSBuildProjectName)</VerInfo_Keys>
        <VerInfo_Locale>1033</VerInfo_Locale>
        <DCC_ExeOutput>..\..\Release\MiniResSrv\</DCC_ExeOutput>
    </PropertyGroup>
    <PropertyGroup Condition="'$(Cfg_2)'!=''">
        <DCC_Optimize>false</DCC_Optimize>
        <DCC_GenerateStackFrames>true</DCC_GenerateStackFrames>
        <DCC_DebugInfoInExe>true</DCC_DebugInfoInExe>
        <DCC_Define>DEBUG;$(DCC_Define)</DCC_Define>
    </PropertyGroup>
    <PropertyGroup Condition="'$(Cfg_2_Win32)'!=''">
        <AppEnableRuntimeThemes>true</AppEnableRuntimeThemes>
        <AppDPIAwarenessMode>PerMonitorV2</AppDPIAwarenessMode>
        <VerInfo_Locale>1033</VerInfo_Locale>
        <VerInfo_Keys>CompanyName=;FileDescription=$(MSBuildProjectName);FileVersion=1.0.0.0;InternalName=;LegalCopyright=;LegalTrademarks=;OriginalFilename=;ProductName=$(MSBuildProjectName);ProductVersion=1.0.0.0;Comments=;ProgramID=com.embarcadero.$(MSBuildProjectName)</VerInfo_Keys>
    </PropertyGroup>
    <ItemGroup>
        <DelphiCompile Include="$(MainSource)">
            <MainSource>MainSource</MainSource>
        </DelphiCompile>
        <DCCReference Include="uMainFrm.pas">
            <Form>MainForm</Form>
        </DCCReference>
        <DCCReference Include="uResModule.pas">
            <Form>ResoureModule</Form>
            <DesignClass>TDataModule</DesignClass>
        </DCCReference>
        <DCCReference Include="uStaticModule.pas">
            <Form>StaticModule</Form>
            <DesignClass>TDataModule</DesignClass>
        </DCCReference>
        <DCCReference Include="uCommon.pas"/>
        <DCCReference Include="uHTTPTypes.pas"/>
        <DCCReference Include="uURLModule.pas">
            <Form>UrlMonModule</Form>
            <DesignClass>TDataModule</DesignClass>
        </DCCReference>
        <DCCReference Include="uWil.pas"/>
        <DCCReference Include="..\Common\uTypes.pas"/>
        <DCCReference Include="..\Common\uEDCode.pas"/>
        <BuildConfiguration Include="Debug">
            <Key>Cfg_2</Key>
            <CfgParent>Base</CfgParent>
        </BuildConfiguration>
        <BuildConfiguration Include="Base">
            <Key>Base</Key>
        </BuildConfiguration>
        <BuildConfiguration Include="Release">
            <Key>Cfg_1</Key>
            <CfgParent>Base</CfgParent>
        </BuildConfiguration>
    </ItemGroup>
    <Import Condition="Exists('$(BDS)\Bin\CodeGear.Delphi.Targets')" Project="$(BDS)\Bin\CodeGear.Delphi.Targets"/>
    <Import Condition="Exists('$(APPDATA)\Embarcadero\$(BDSAPPDATABASEDIR)\$(PRODUCTVERSION)\UserTools.proj')" Project="$(APPDATA)\Embarcadero\$(BDSAPPDATABASEDIR)\$(PRODUCTVERSION)\UserTools.proj"/>
    <ProjectExtensions>
        <Borland.Personality>Delphi.Personality.12</Borland.Personality>
        <Borland.ProjectType/>
        <BorlandProject>
            <Delphi.Personality>
                <Parameters/>
                <VersionInfo>
                    <VersionInfo Name="IncludeVerInfo">True</VersionInfo>
                    <VersionInfo Name="AutoIncBuild">False</VersionInfo>
                    <VersionInfo Name="MajorVer">1</VersionInfo>
                    <VersionInfo Name="MinorVer">0</VersionInfo>
                    <VersionInfo Name="Release">0</VersionInfo>
                    <VersionInfo Name="Build">0</VersionInfo>
                    <VersionInfo Name="Debug">False</VersionInfo>
                    <VersionInfo Name="PreRelease">False</VersionInfo>
                    <VersionInfo Name="Special">False</VersionInfo>
                    <VersionInfo Name="Private">False</VersionInfo>
                    <VersionInfo Name="DLL">False</VersionInfo>
                    <VersionInfo Name="Locale">2052</VersionInfo>
                    <VersionInfo Name="CodePage">936</VersionInfo>
                </VersionInfo>
                <VersionInfoKeys>
                    <VersionInfoKeys Name="CompanyName">91网络</VersionInfoKeys>
                    <VersionInfoKeys Name="FileDescription">微端&amp;MniHttp服务</VersionInfoKeys>
                    <VersionInfoKeys Name="FileVersion">1.0.0.0</VersionInfoKeys>
                    <VersionInfoKeys Name="InternalName"/>
                    <VersionInfoKeys Name="LegalCopyright">版权所有(C) 91网络.  2010-2020</VersionInfoKeys>
                    <VersionInfoKeys Name="LegalTrademarks"/>
                    <VersionInfoKeys Name="OriginalFilename"/>
                    <VersionInfoKeys Name="ProductName"/>
                    <VersionInfoKeys Name="ProductVersion">1.0.0.0</VersionInfoKeys>
                    <VersionInfoKeys Name="Comments"/>
                </VersionInfoKeys>
                <Excluded_Packages>
                    <Excluded_Packages Name="$(BDSBIN)\dcloffice2k270.bpl">Microsoft Office 2000 Sample Automation Server Wrapper Components</Excluded_Packages>
                    <Excluded_Packages Name="$(BDSBIN)\dclofficexp270.bpl">Microsoft Office XP Sample Automation Server Wrapper Components</Excluded_Packages>
                </Excluded_Packages>
                <Source>
                    <Source Name="MainSource">MiniResSrv.dpr</Source>
                </Source>
            </Delphi.Personality>
            <Platforms>
                <Platform value="Win32">True</Platform>
                <Platform value="Win64">False</Platform>
            </Platforms>
            <ModelSupport>True</ModelSupport>
        </BorlandProject>
        <ProjectFileVersion>12</ProjectFileVersion>
    </ProjectExtensions>
</Project>
